
Microsoft Visual Studio Solution File, Format Version 12.00
# Visual Studio Version 17
VisualStudioVersion = 17.10.35013.160
MinimumVisualStudioVersion = 10.0.40219.1
Project("{00D1A9C2-B5F0-4AF3-8072-F6C62B433612}") = "PatientDB", "PatientDB.sqlproj", "{C6373545-BB69-4B13-85AF-D15C5E33C8FC}"
EndProject
Global
	GlobalSection(SolutionConfigurationPlatforms) = preSolution
		Debug|Any CPU = Debug|Any CPU
		Release|Any CPU = Release|Any CPU
	EndGlobalSection
	GlobalSection(ProjectConfigurationPlatforms) = postSolution
		{C6373545-BB69-4B13-85AF-D15C5E33C8FC}.Debug|Any CPU.ActiveCfg = Debug|Any CPU
		{C6373545-BB69-4B13-85AF-D15C5E33C8FC}.Debug|Any CPU.Build.0 = Debug|Any CPU
		{C6373545-BB69-4B13-85AF-D15C5E33C8FC}.Debug|Any CPU.Deploy.0 = Debug|Any CPU
		{C6373545-BB69-4B13-85AF-D15C5E33C8FC}.Release|Any CPU.ActiveCfg = Release|Any CPU
		{C6373545-BB69-4B13-85AF-D15C5E33C8FC}.Release|Any CPU.Build.0 = Release|Any CPU
		{C6373545-BB69-4B13-85AF-D15C5E33C8FC}.Release|Any CPU.Deploy.0 = Release|Any CPU
	EndGlobalSection
	GlobalSection(SolutionProperties) = preSolution
		HideSolutionNode = FALSE
	EndGlobalSection
	GlobalSection(ExtensibilityGlobals) = postSolution
		SolutionGuid = {258F337B-5F63-49A2-8F37-43AB48DF2742}
	EndGlobalSection
EndGlobal
